
Microsoft Visual Studio Solution File, Format Version 12.00
# Visual Studio Version 16
VisualStudioVersion = 16.0.30323.103
MinimumVisualStudioVersion = 10.0.40219.1
Project("{2150E333-8FDC-42A3-9474-1A3956D46DE8}") = "Source", "Source", "{EB768370-163E-40FE-ABE1-89B8353C3B39}"
EndProject
Project("{2150E333-8FDC-42A3-9474-1A3956D46DE8}") = "Solution Items", "Solution Items", "{B925C88F-BF93-4E14-9724-28874ACB8B9B}"
	ProjectSection(SolutionItems) = preProject
		.gitignore = .gitignore
		LICENSE = LICENSE
		README.md = README.md
	EndProjectSection
EndProject
Project("{FAE04EC0-301F-11D3-BF4B-00C04F79EFBC}") = "Kf.AssettoCorsaCompetizione", "Source\Kf.AssettoCorsaCompetizione\Kf.AssettoCorsaCompetizione.csproj", "{A7E27B49-FF20-4483-84B8-5573D4EB4275}"
EndProject
Project("{2150E333-8FDC-42A3-9474-1A3956D46DE8}") = "Tests", "Tests", "{23CFDB15-EACE-4621-ACD0-50B8A6008398}"
EndProject
Project("{FAE04EC0-301F-11D3-BF4B-00C04F79EFBC}") = "Kf.AssettoCorsaCompetizione.Tests", "Tests\Kf.AssettoCorsaCompetizione.Tests\Kf.AssettoCorsaCompetizione.Tests.csproj", "{C0977851-5ED3-4B45-A60C-054BEE13AAF4}"
EndProject
Global
	GlobalSection(SolutionConfigurationPlatforms) = preSolution
		Debug|Any CPU = Debug|Any CPU
		Release|Any CPU = Release|Any CPU
	EndGlobalSection
	GlobalSection(ProjectConfigurationPlatforms) = postSolution
		{A7E27B49-FF20-4483-84B8-5573D4EB4275}.Debug|Any CPU.ActiveCfg = Debug|Any CPU
		{A7E27B49-FF20-4483-84B8-5573D4EB4275}.Debug|Any CPU.Build.0 = Debug|Any CPU
		{A7E27B49-FF20-4483-84B8-5573D4EB4275}.Release|Any CPU.ActiveCfg = Release|Any CPU
		{A7E27B49-FF20-4483-84B8-5573D4EB4275}.Release|Any CPU.Build.0 = Release|Any CPU
		{C0977851-5ED3-4B45-A60C-054BEE13AAF4}.Debug|Any CPU.ActiveCfg = Debug|Any CPU
		{C0977851-5ED3-4B45-A60C-054BEE13AAF4}.Debug|Any CPU.Build.0 = Debug|Any CPU
		{C0977851-5ED3-4B45-A60C-054BEE13AAF4}.Release|Any CPU.ActiveCfg = Release|Any CPU
		{C0977851-5ED3-4B45-A60C-054BEE13AAF4}.Release|Any CPU.Build.0 = Release|Any CPU
	EndGlobalSection
	GlobalSection(SolutionProperties) = preSolution
		HideSolutionNode = FALSE
	EndGlobalSection
	GlobalSection(NestedProjects) = preSolution
		{A7E27B49-FF20-4483-84B8-5573D4EB4275} = {EB768370-163E-40FE-ABE1-89B8353C3B39}
		{C0977851-5ED3-4B45-A60C-054BEE13AAF4} = {23CFDB15-EACE-4621-ACD0-50B8A6008398}
	EndGlobalSection
	GlobalSection(ExtensibilityGlobals) = postSolution
		SolutionGuid = {A5AD2A8C-2D73-4737-91E1-3C38AF956B20}
	EndGlobalSection
EndGlobal
